
Microsoft Visual Studio Solution File, Format Version 12.00
# Visual Studio Version 16
VisualStudioVersion = 16.0.29025.244
MinimumVisualStudioVersion = 10.0.40219.1
Project("{FAE04EC0-301F-11D3-BF4B-00C04F79EFBC}") = "WindowsService.NET", "WindowsService.NET.csproj", "{4D20EE14-5F30-4E7D-B7D8-39775B3C0156}"
EndProject
Global
	GlobalSection(SolutionConfigurationPlatforms) = preSolution
		Debug|Any CPU = Debug|Any CPU
		Release|Any CPU = Release|Any CPU
	EndGlobalSection
	GlobalSection(ProjectConfigurationPlatforms) = postSolution
		{4D20EE14-5F30-4E7D-B7D8-39775B3C0156}.Debug|Any CPU.ActiveCfg = Debug|Any CPU
		{4D20EE14-5F30-4E7D-B7D8-39775B3C0156}.Debug|Any CPU.Build.0 = Debug|Any CPU
		{4D20EE14-5F30-4E7D-B7D8-39775B3C0156}.Release|Any CPU.ActiveCfg = Release|Any CPU
		{4D20EE14-5F30-4E7D-B7D8-39775B3C0156}.Release|Any CPU.Build.0 = Release|Any CPU
	EndGlobalSection
	GlobalSection(SolutionProperties) = preSolution
		HideSolutionNode = FALSE
	EndGlobalSection
	GlobalSection(ExtensibilityGlobals) = postSolution
		SolutionGuid = {140B5D7C-1AEC-4DE6-B100-09DCC30D06A0}
	EndGlobalSection
EndGlobal
